// !$*UTF8*$!
{
	archiveVersion = 1;
	classes = {
	};
	objectVersion = 46;
	objects = {

/* Begin PBXBuildFile section */
		525B76871E0AEAD400B3FD0D /* Engine.h in Headers */ = {isa = PBXBuildFile; fileRef = 525B76851E0AEAD400B3FD0D /* Engine.h */; settings = {ATTRIBUTES = (Public, ); }; };
		525B768C1E0AEB7700B3FD0D /* Digit.swift in Sources */ = {isa = PBXBuildFile; fileRef = 525B768B1E0AEB7700B3FD0D /* Digit.swift */; };
		525B76901E0AEB9400B3FD0D /* Grid.swift in Sources */ = {isa = PBXBuildFile; fileRef = 525B768F1E0AEB9400B3FD0D /* Grid.swift */; };
		525B76921E0AEB9900B3FD0D /* Location.swift in Sources */ = {isa = PBXBuildFile; fileRef = 525B76911E0AEB9900B3FD0D /* Location.swift */; };
		525B76951E0B0ED100B3FD0D /* GridError.swift in Sources */ = {isa = PBXBuildFile; fileRef = 525B76941E0B0ED100B3FD0D /* GridError.swift */; };
		525B769D1E0B16EF00B3FD0D /* EngineTests.swift in Sources */ = {isa = PBXBuildFile; fileRef = 525B769C1E0B16EF00B3FD0D /* EngineTests.swift */; };
		525B769F1E0B16EF00B3FD0D /* Engine.framework in Frameworks */ = {isa = PBXBuildFile; fileRef = 525B76821E0AEAD400B3FD0D /* Engine.framework */; };
		525B76FE1E12D58500B3FD0D /* Square.swift in Sources */ = {isa = PBXBuildFile; fileRef = 525B76FD1E12D58500B3FD0D /* Square.swift */; };
		52F267E21E15F805009BAA47 /* puzzles.txt in Resources */ = {isa = PBXBuildFile; fileRef = 52F267E11E15F805009BAA47 /* puzzles.txt */; };
/* End PBXBuildFile section */

/* Begin PBXContainerItemProxy section */
		525B76A01E0B16EF00B3FD0D /* PBXContainerItemProxy */ = {
			isa = PBXContainerItemProxy;
			containerPortal = 525B76771E0AEAB000B3FD0D /* Project object */;
			proxyType = 1;
			remoteGlobalIDString = 525B76811E0AEAD400B3FD0D;
			remoteInfo = "Engine iOS";
		};
/* End PBXContainerItemProxy section */

/* Begin PBXFileReference section */
		525B76821E0AEAD400B3FD0D /* Engine.framework */ = {isa = PBXFileReference; explicitFileType = wrapper.framework; includeInIndex = 0; path = Engine.framework; sourceTree = BUILT_PRODUCTS_DIR; };
		525B76851E0AEAD400B3FD0D /* Engine.h */ = {isa = PBXFileReference; lastKnownFileType = sourcecode.c.h; name = Engine.h; path = "Engine iOS/Engine.h"; sourceTree = "<group>"; };
		525B76861E0AEAD400B3FD0D /* Info.plist */ = {isa = PBXFileReference; lastKnownFileType = text.plist.xml; name = Info.plist; path = "Engine iOS/Info.plist"; sourceTree = "<group>"; };
		525B768B1E0AEB7700B3FD0D /* Digit.swift */ = {isa = PBXFileReference; fileEncoding = 4; lastKnownFileType = sourcecode.swift; name = Digit.swift; path = Sources/Digit.swift; sourceTree = "<group>"; };
		525B768F1E0AEB9400B3FD0D /* Grid.swift */ = {isa = PBXFileReference; fileEncoding = 4; lastKnownFileType = sourcecode.swift; path = Grid.swift; sourceTree = "<group>"; };
		525B76911E0AEB9900B3FD0D /* Location.swift */ = {isa = PBXFileReference; fileEncoding = 4; lastKnownFileType = sourcecode.swift; path = Location.swift; sourceTree = "<group>"; };
		525B76931E0AF57C00B3FD0D /* Engine.playground */ = {isa = PBXFileReference; lastKnownFileType = file.playground; path = Engine.playground; sourceTree = "<group>"; };
		525B76941E0B0ED100B3FD0D /* GridError.swift */ = {isa = PBXFileReference; fileEncoding = 4; lastKnownFileType = sourcecode.swift; path = GridError.swift; sourceTree = "<group>"; };
		525B769A1E0B16EF00B3FD0D /* EngineTests.xctest */ = {isa = PBXFileReference; explicitFileType = wrapper.cfbundle; includeInIndex = 0; path = EngineTests.xctest; sourceTree = BUILT_PRODUCTS_DIR; };
		525B769C1E0B16EF00B3FD0D /* EngineTests.swift */ = {isa = PBXFileReference; lastKnownFileType = sourcecode.swift; path = EngineTests.swift; sourceTree = "<group>"; };
		525B769E1E0B16EF00B3FD0D /* Info.plist */ = {isa = PBXFileReference; lastKnownFileType = text.plist.xml; path = Info.plist; sourceTree = "<group>"; };
		525B76FD1E12D58500B3FD0D /* Square.swift */ = {isa = PBXFileReference; fileEncoding = 4; lastKnownFileType = sourcecode.swift; path = Square.swift; sourceTree = "<group>"; };
		52F267E11E15F805009BAA47 /* puzzles.txt */ = {isa = PBXFileReference; fileEncoding = 4; lastKnownFileType = text; name = puzzles.txt; path = ../../Pseudoku/puzzles.txt; sourceTree = "<group>"; };
/* End PBXFileReference section */

/* Begin PBXFrameworksBuildPhase section */
		525B767E1E0AEAD400B3FD0D /* Frameworks */ = {
			isa = PBXFrameworksBuildPhase;
			buildActionMask = 2147483647;
			files = (
			);
			runOnlyForDeploymentPostprocessing = 0;
		};
		525B76971E0B16EF00B3FD0D /* Frameworks */ = {
			isa = PBXFrameworksBuildPhase;
			buildActionMask = 2147483647;
			files = (
				525B769F1E0B16EF00B3FD0D /* Engine.framework in Frameworks */,
			);
			runOnlyForDeploymentPostprocessing = 0;
		};
/* End PBXFrameworksBuildPhase section */

/* Begin PBXGroup section */
		525B76761E0AEAB000B3FD0D = {
			isa = PBXGroup;
			children = (
				525B76931E0AF57C00B3FD0D /* Engine.playground */,
				525B76861E0AEAD400B3FD0D /* Info.plist */,
				525B76851E0AEAD400B3FD0D /* Engine.h */,
				525B768B1E0AEB7700B3FD0D /* Digit.swift */,
				525B768F1E0AEB9400B3FD0D /* Grid.swift */,
				525B76FD1E12D58500B3FD0D /* Square.swift */,
				525B76941E0B0ED100B3FD0D /* GridError.swift */,
				525B76911E0AEB9900B3FD0D /* Location.swift */,
				525B769B1E0B16EF00B3FD0D /* EngineTests */,
				525B76831E0AEAD400B3FD0D /* Products */,
			);
			sourceTree = "<group>";
		};
		525B76831E0AEAD400B3FD0D /* Products */ = {
			isa = PBXGroup;
			children = (
				525B76821E0AEAD400B3FD0D /* Engine.framework */,
				525B769A1E0B16EF00B3FD0D /* EngineTests.xctest */,
			);
			name = Products;
			sourceTree = "<group>";
		};
		525B769B1E0B16EF00B3FD0D /* EngineTests */ = {
			isa = PBXGroup;
			children = (
				52F267E11E15F805009BAA47 /* puzzles.txt */,
				525B769C1E0B16EF00B3FD0D /* EngineTests.swift */,
				525B769E1E0B16EF00B3FD0D /* Info.plist */,
			);
			path = EngineTests;
			sourceTree = "<group>";
		};
/* End PBXGroup section */

/* Begin PBXHeadersBuildPhase section */
		525B767F1E0AEAD400B3FD0D /* Headers */ = {
			isa = PBXHeadersBuildPhase;
			buildActionMask = 2147483647;
			files = (
				525B76871E0AEAD400B3FD0D /* Engine.h in Headers */,
			);
			runOnlyForDeploymentPostprocessing = 0;
		};
/* End PBXHeadersBuildPhase section */

/* Begin PBXNativeTarget section */
		525B76811E0AEAD400B3FD0D /* Engine iOS */ = {
			isa = PBXNativeTarget;
			buildConfigurationList = 525B76881E0AEAD400B3FD0D /* Build configuration list for PBXNativeTarget "Engine iOS" */;
			buildPhases = (
				525B767D1E0AEAD400B3FD0D /* Sources */,
				525B767E1E0AEAD400B3FD0D /* Frameworks */,
				525B767F1E0AEAD400B3FD0D /* Headers */,
				525B76801E0AEAD400B3FD0D /* Resources */,
			);
			buildRules = (
			);
			dependencies = (
			);
			name = "Engine iOS";
			productName = "Engine iOS";
			productReference = 525B76821E0AEAD400B3FD0D /* Engine.framework */;
			productType = "com.apple.product-type.framework";
		};
		525B76991E0B16EF00B3FD0D /* EngineTests */ = {
			isa = PBXNativeTarget;
			buildConfigurationList = 525B76A21E0B16EF00B3FD0D /* Build configuration list for PBXNativeTarget "EngineTests" */;
			buildPhases = (
				525B76961E0B16EF00B3FD0D /* Sources */,
				525B76971E0B16EF00B3FD0D /* Frameworks */,
				525B76981E0B16EF00B3FD0D /* Resources */,
			);
			buildRules = (
			);
			dependencies = (
				525B76A11E0B16EF00B3FD0D /* PBXTargetDependency */,
			);
			name = EngineTests;
			productName = EngineTests;
			productReference = 525B769A1E0B16EF00B3FD0D /* EngineTests.xctest */;
			productType = "com.apple.product-type.bundle.unit-test";
		};
/* End PBXNativeTarget section */

/* Begin PBXProject section */
		525B76771E0AEAB000B3FD0D /* Project object */ = {
			isa = PBXProject;
			attributes = {
				LastSwiftUpdateCheck = 0820;
				LastUpgradeCheck = 0820;
				TargetAttributes = {
					525B76811E0AEAD400B3FD0D = {
						CreatedOnToolsVersion = 8.2.1;
						DevelopmentTeam = 55SVD8WGE3;
						LastSwiftMigration = 0820;
						ProvisioningStyle = Automatic;
					};
					525B76991E0B16EF00B3FD0D = {
						CreatedOnToolsVersion = 8.2.1;
						DevelopmentTeam = 55SVD8WGE3;
						ProvisioningStyle = Automatic;
					};
				};
			};
			buildConfigurationList = 525B767A1E0AEAB000B3FD0D /* Build configuration list for PBXProject "Engine" */;
			compatibilityVersion = "Xcode 3.2";
			developmentRegion = English;
			hasScannedForEncodings = 0;
			knownRegions = (
				en,
			);
			mainGroup = 525B76761E0AEAB000B3FD0D;
			productRefGroup = 525B76831E0AEAD400B3FD0D /* Products */;
			projectDirPath = "";
			projectRoot = "";
			targets = (
				525B76811E0AEAD400B3FD0D /* Engine iOS */,
				525B76991E0B16EF00B3FD0D /* EngineTests */,
			);
		};
/* End PBXProject section */

/* Begin PBXResourcesBuildPhase section */
		525B76801E0AEAD400B3FD0D /* Resources */ = {
			isa = PBXResourcesBuildPhase;
			buildActionMask = 2147483647;
			files = (
			);
			runOnlyForDeploymentPostprocessing = 0;
		};
		525B76981E0B16EF00B3FD0D /* Resources */ = {
			isa = PBXResourcesBuildPhase;
			buildActionMask = 2147483647;
			files = (
				52F267E21E15F805009BAA47 /* puzzles.txt in Resources */,
			);
			runOnlyForDeploymentPostprocessing = 0;
		};
/* End PBXResourcesBuildPhase section */

/* Begin PBXSourcesBuildPhase section */
		525B767D1E0AEAD400B3FD0D /* Sources */ = {
			isa = PBXSourcesBuildPhase;
			buildActionMask = 2147483647;
			files = (
				525B76951E0B0ED100B3FD0D /* GridError.swift in Sources */,
				525B76921E0AEB9900B3FD0D /* Location.swift in Sources */,
				525B768C1E0AEB7700B3FD0D /* Digit.swift in Sources */,
				525B76901E0AEB9400B3FD0D /* Grid.swift in Sources */,
				525B76FE1E12D58500B3FD0D /* Square.swift in Sources */,
			);
			runOnlyForDeploymentPostprocessing = 0;
		};
		525B76961E0B16EF00B3FD0D /* Sources */ = {
			isa = PBXSourcesBuildPhase;
			buildActionMask = 2147483647;
			files = (
				525B769D1E0B16EF00B3FD0D /* EngineTests.swift in Sources */,
			);
			runOnlyForDeploymentPostprocessing = 0;
		};
/* End PBXSourcesBuildPhase section */

/* Begin PBXTargetDependency section */
		525B76A11E0B16EF00B3FD0D /* PBXTargetDependency */ = {
			isa = PBXTargetDependency;
			target = 525B76811E0AEAD400B3FD0D /* Engine iOS */;
			targetProxy = 525B76A01E0B16EF00B3FD0D /* PBXContainerItemProxy */;
		};
/* End PBXTargetDependency section */

/* Begin XCBuildConfiguration section */
		525B767B1E0AEAB000B3FD0D /* Debug */ = {
			isa = XCBuildConfiguration;
			buildSettings = {
			};
			name = Debug;
		};
		525B767C1E0AEAB000B3FD0D /* Release */ = {
			isa = XCBuildConfiguration;
			buildSettings = {
			};
			name = Release;
		};
		525B76891E0AEAD400B3FD0D /* Debug */ = {
			isa = XCBuildConfiguration;
			buildSettings = {
				ALWAYS_SEARCH_USER_PATHS = NO;
				CLANG_ANALYZER_NONNULL = YES;
				CLANG_CXX_LANGUAGE_STANDARD = "gnu++0x";
				CLANG_CXX_LIBRARY = "libc++";
				CLANG_ENABLE_MODULES = YES;
				CLANG_ENABLE_OBJC_ARC = YES;
				CLANG_WARN_BOOL_CONVERSION = YES;
				CLANG_WARN_CONSTANT_CONVERSION = YES;
				CLANG_WARN_DIRECT_OBJC_ISA_USAGE = YES_ERROR;
				CLANG_WARN_DOCUMENTATION_COMMENTS = YES;
				CLANG_WARN_EMPTY_BODY = YES;
				CLANG_WARN_ENUM_CONVERSION = YES;
				CLANG_WARN_INFINITE_RECURSION = YES;
				CLANG_WARN_INT_CONVERSION = YES;
				CLANG_WARN_OBJC_ROOT_CLASS = YES_ERROR;
				CLANG_WARN_SUSPICIOUS_MOVE = YES;
				CLANG_WARN_UNREACHABLE_CODE = YES;
				CLANG_WARN__DUPLICATE_METHOD_MATCH = YES;
				CODE_SIGN_IDENTITY = "";
				"CODE_SIGN_IDENTITY[sdk=iphoneos*]" = "iPhone Developer";
				COPY_PHASE_STRIP = NO;
				CURRENT_PROJECT_VERSION = 1;
				DEBUG_INFORMATION_FORMAT = dwarf;
				DEFINES_MODULE = YES;
				DEVELOPMENT_TEAM = 55SVD8WGE3;
				DYLIB_COMPATIBILITY_VERSION = 1;
				DYLIB_CURRENT_VERSION = 1;
				DYLIB_INSTALL_NAME_BASE = "@rpath";
				ENABLE_STRICT_OBJC_MSGSEND = YES;
				ENABLE_TESTABILITY = YES;
				GCC_C_LANGUAGE_STANDARD = gnu99;
				GCC_DYNAMIC_NO_PIC = NO;
				GCC_NO_COMMON_BLOCKS = YES;
				GCC_OPTIMIZATION_LEVEL = 0;
				GCC_PREPROCESSOR_DEFINITIONS = (
					"DEBUG=1",
					"$(inherited)",
				);
				GCC_WARN_64_TO_32_BIT_CONVERSION = YES;
				GCC_WARN_ABOUT_RETURN_TYPE = YES_ERROR;
				GCC_WARN_UNDECLARED_SELECTOR = YES;
				GCC_WARN_UNINITIALIZED_AUTOS = YES_AGGRESSIVE;
				GCC_WARN_UNUSED_FUNCTION = YES;
				GCC_WARN_UNUSED_VARIABLE = YES;
				INFOPLIST_FILE = "Engine iOS/Info.plist";
				INSTALL_PATH = "$(LOCAL_LIBRARY_DIR)/Frameworks";
				IPHONEOS_DEPLOYMENT_TARGET = 10.2;
				LD_RUNPATH_SEARCH_PATHS = "$(inherited) @executable_path/Frameworks @loader_path/Frameworks";
				MTL_ENABLE_DEBUG_INFO = YES;
				ONLY_ACTIVE_ARCH = YES;
				PRODUCT_BUNDLE_IDENTIFIER = "proxpero.Engine-iOS";
				PRODUCT_NAME = Engine;
				SDKROOT = iphoneos;
				SKIP_INSTALL = YES;
				SWIFT_ACTIVE_COMPILATION_CONDITIONS = DEBUG;
				SWIFT_OPTIMIZATION_LEVEL = "-Onone";
				SWIFT_VERSION = 3.0;
				TARGETED_DEVICE_FAMILY = "1,2";
				VERSIONING_SYSTEM = "apple-generic";
				VERSION_INFO_PREFIX = "";
			};
			name = Debug;
		};
		525B768A1E0AEAD400B3FD0D /* Release */ = {
			isa = XCBuildConfiguration;
			buildSettings = {
				ALWAYS_SEARCH_USER_PATHS = NO;
				CLANG_ANALYZER_NONNULL = YES;
				CLANG_CXX_LANGUAGE_STANDARD = "gnu++0x";
				CLANG_CXX_LIBRARY = "libc++";
				CLANG_ENABLE_MODULES = YES;
				CLANG_ENABLE_OBJC_ARC = YES;
				CLANG_WARN_BOOL_CONVERSION = YES;
				CLANG_WARN_CONSTANT_CONVERSION = YES;
				CLANG_WARN_DIRECT_OBJC_ISA_USAGE = YES_ERROR;
				CLANG_WARN_DOCUMENTATION_COMMENTS = YES;
				CLANG_WARN_EMPTY_BODY = YES;
				CLANG_WARN_ENUM_CONVERSION = YES;
				CLANG_WARN_INFINITE_RECURSION = YES;
				CLANG_WARN_INT_CONVERSION = YES;
				CLANG_WARN_OBJC_ROOT_CLASS = YES_ERROR;
				CLANG_WARN_SUSPICIOUS_MOVE = YES;
				CLANG_WARN_UNREACHABLE_CODE = YES;
				CLANG_WARN__DUPLICATE_METHOD_MATCH = YES;
				CODE_SIGN_IDENTITY = "";
				"CODE_SIGN_IDENTITY[sdk=iphoneos*]" = "iPhone Developer";
				COPY_PHASE_STRIP = NO;
				CURRENT_PROJECT_VERSION = 1;
				DEBUG_INFORMATION_FORMAT = "dwarf-with-dsym";
				DEFINES_MODULE = YES;
				DEVELOPMENT_TEAM = 55SVD8WGE3;
				DYLIB_COMPATIBILITY_VERSION = 1;
				DYLIB_CURRENT_VERSION = 1;
				DYLIB_INSTALL_NAME_BASE = "@rpath";
				ENABLE_NS_ASSERTIONS = NO;
				ENABLE_STRICT_OBJC_MSGSEND = YES;
				GCC_C_LANGUAGE_STANDARD = gnu99;
				GCC_NO_COMMON_BLOCKS = YES;
				GCC_WARN_64_TO_32_BIT_CONVERSION = YES;
				GCC_WARN_ABOUT_RETURN_TYPE = YES_ERROR;
				GCC_WARN_UNDECLARED_SELECTOR = YES;
				GCC_WARN_UNINITIALIZED_AUTOS = YES_AGGRESSIVE;
				GCC_WARN_UNUSED_FUNCTION = YES;
				GCC_WARN_UNUSED_VARIABLE = YES;
				INFOPLIST_FILE = "Engine iOS/Info.plist";
				INSTALL_PATH = "$(LOCAL_LIBRARY_DIR)/Frameworks";
				IPHONEOS_DEPLOYMENT_TARGET = 10.2;
				LD_RUNPATH_SEARCH_PATHS = "$(inherited) @executable_path/Frameworks @loader_path/Frameworks";
				MTL_ENABLE_DEBUG_INFO = NO;
				PRODUCT_BUNDLE_IDENTIFIER = "proxpero.Engine-iOS";
				PRODUCT_NAME = Engine;
				SDKROOT = iphoneos;
				SKIP_INSTALL = YES;
				SWIFT_OPTIMIZATION_LEVEL = "-Owholemodule";
				SWIFT_VERSION = 3.0;
				TARGETED_DEVICE_FAMILY = "1,2";
				VALIDATE_PRODUCT = YES;
				VERSIONING_SYSTEM = "apple-generic";
				VERSION_INFO_PREFIX = "";
			};
			name = Release;
		};
		525B76A31E0B16EF00B3FD0D /* Debug */ = {
			isa = XCBuildConfiguration;
			buildSettings = {
				ALWAYS_SEARCH_USER_PATHS = NO;
				CLANG_ANALYZER_NONNULL = YES;
				CLANG_CXX_LANGUAGE_STANDARD = "gnu++0x";
				CLANG_CXX_LIBRARY = "libc++";
				CLANG_ENABLE_MODULES = YES;
				CLANG_ENABLE_OBJC_ARC = YES;
				CLANG_WARN_BOOL_CONVERSION = YES;
				CLANG_WARN_CONSTANT_CONVERSION = YES;
				CLANG_WARN_DIRECT_OBJC_ISA_USAGE = YES_ERROR;
				CLANG_WARN_DOCUMENTATION_COMMENTS = YES;
				CLANG_WARN_EMPTY_BODY = YES;
				CLANG_WARN_ENUM_CONVERSION = YES;
				CLANG_WARN_INFINITE_RECURSION = YES;
				CLANG_WARN_INT_CONVERSION = YES;
				CLANG_WARN_OBJC_ROOT_CLASS = YES_ERROR;
				CLANG_WARN_SUSPICIOUS_MOVE = YES;
				CLANG_WARN_UNREACHABLE_CODE = YES;
				CLANG_WARN__DUPLICATE_METHOD_MATCH = YES;
				"CODE_SIGN_IDENTITY[sdk=iphoneos*]" = "iPhone Developer";
				COPY_PHASE_STRIP = NO;
				DEBUG_INFORMATION_FORMAT = dwarf;
				DEVELOPMENT_TEAM = 55SVD8WGE3;
				ENABLE_STRICT_OBJC_MSGSEND = YES;
				ENABLE_TESTABILITY = YES;
				GCC_C_LANGUAGE_STANDARD = gnu99;
				GCC_DYNAMIC_NO_PIC = NO;
				GCC_NO_COMMON_BLOCKS = YES;
				GCC_OPTIMIZATION_LEVEL = 0;
				GCC_PREPROCESSOR_DEFINITIONS = (
					"DEBUG=1",
					"$(inherited)",
				);
				GCC_WARN_64_TO_32_BIT_CONVERSION = YES;
				GCC_WARN_ABOUT_RETURN_TYPE = YES_ERROR;
				GCC_WARN_UNDECLARED_SELECTOR = YES;
				GCC_WARN_UNINITIALIZED_AUTOS = YES_AGGRESSIVE;
				GCC_WARN_UNUSED_FUNCTION = YES;
				GCC_WARN_UNUSED_VARIABLE = YES;
				INFOPLIST_FILE = EngineTests/Info.plist;
				IPHONEOS_DEPLOYMENT_TARGET = 10.2;
				LD_RUNPATH_SEARCH_PATHS = "$(inherited) @executable_path/Frameworks @loader_path/Frameworks";
				MTL_ENABLE_DEBUG_INFO = YES;
				ONLY_ACTIVE_ARCH = YES;
				PRODUCT_BUNDLE_IDENTIFIER = proxpero.EngineTests;
				PRODUCT_NAME = "$(TARGET_NAME)";
				SDKROOT = iphoneos;
				SWIFT_ACTIVE_COMPILATION_CONDITIONS = DEBUG;
				SWIFT_OPTIMIZATION_LEVEL = "-Onone";
				SWIFT_VERSION = 3.0;
			};
			name = Debug;
		};
		525B76A41E0B16EF00B3FD0D /* Release */ = {
			isa = XCBuildConfiguration;
			buildSettings = {
				ALWAYS_SEARCH_USER_PATHS = NO;
				CLANG_ANALYZER_NONNULL = YES;
				CLANG_CXX_LANGUAGE_STANDARD = "gnu++0x";
				CLANG_CXX_LIBRARY = "libc++";
				CLANG_ENABLE_MODULES = YES;
				CLANG_ENABLE_OBJC_ARC = YES;
				CLANG_WARN_BOOL_CONVERSION = YES;
				CLANG_WARN_CONSTANT_CONVERSION = YES;
				CLANG_WARN_DIRECT_OBJC_ISA_USAGE = YES_ERROR;
				CLANG_WARN_DOCUMENTATION_COMMENTS = YES;
				CLANG_WARN_EMPTY_BODY = YES;
				CLANG_WARN_ENUM_CONVERSION = YES;
				CLANG_WARN_INFINITE_RECURSION = YES;
				CLANG_WARN_INT_CONVERSION = YES;
				CLANG_WARN_OBJC_ROOT_CLASS = YES_ERROR;
				CLANG_WARN_SUSPICIOUS_MOVE = YES;
				CLANG_WARN_UNREACHABLE_CODE = YES;
				CLANG_WARN__DUPLICATE_METHOD_MATCH = YES;
				"CODE_SIGN_IDENTITY[sdk=iphoneos*]" = "iPhone Developer";
				COPY_PHASE_STRIP = NO;
				DEBUG_INFORMATION_FORMAT = "dwarf-with-dsym";
				DEVELOPMENT_TEAM = 55SVD8WGE3;
				ENABLE_NS_ASSERTIONS = NO;
				ENABLE_STRICT_OBJC_MSGSEND = YES;
				GCC_C_LANGUAGE_STANDARD = gnu99;
				GCC_NO_COMMON_BLOCKS = YES;
				GCC_WARN_64_TO_32_BIT_CONVERSION = YES;
				GCC_WARN_ABOUT_RETURN_TYPE = YES_ERROR;
				GCC_WARN_UNDECLARED_SELECTOR = YES;
				GCC_WARN_UNINITIALIZED_AUTOS = YES_AGGRESSIVE;
				GCC_WARN_UNUSED_FUNCTION = YES;
				GCC_WARN_UNUSED_VARIABLE = YES;
				INFOPLIST_FILE = EngineTests/Info.plist;
				IPHONEOS_DEPLOYMENT_TARGET = 10.2;
				LD_RUNPATH_SEARCH_PATHS = "$(inherited) @executable_path/Frameworks @loader_path/Frameworks";
				MTL_ENABLE_DEBUG_INFO = NO;
				PRODUCT_BUNDLE_IDENTIFIER = proxpero.EngineTests;
				PRODUCT_NAME = "$(TARGET_NAME)";
				SDKROOT = iphoneos;
				SWIFT_OPTIMIZATION_LEVEL = "-Owholemodule";
				SWIFT_VERSION = 3.0;
				VALIDATE_PRODUCT = YES;
			};
			name = Release;
		};
/* End XCBuildConfiguration section */

/* Begin XCConfigurationList section */
		525B767A1E0AEAB000B3FD0D /* Build configuration list for PBXProject "Engine" */ = {
			isa = XCConfigurationList;
			buildConfigurations = (
				525B767B1E0AEAB000B3FD0D /* Debug */,
				525B767C1E0AEAB000B3FD0D /* Release */,
			);
			defaultConfigurationIsVisible = 0;
			defaultConfigurationName = Release;
		};
		525B76881E0AEAD400B3FD0D /* Build configuration list for PBXNativeTarget "Engine iOS" */ = {
			isa = XCConfigurationList;
			buildConfigurations = (
				525B76891E0AEAD400B3FD0D /* Debug */,
				525B768A1E0AEAD400B3FD0D /* Release */,
			);
			defaultConfigurationIsVisible = 0;
			defaultConfigurationName = Release;
		};
		525B76A21E0B16EF00B3FD0D /* Build configuration list for PBXNativeTarget "EngineTests" */ = {
			isa = XCConfigurationList;
			buildConfigurations = (
				525B76A31E0B16EF00B3FD0D /* Debug */,
				525B76A41E0B16EF00B3FD0D /* Release */,
			);
			defaultConfigurationIsVisible = 0;
			defaultConfigurationName = Release;
		};
/* End XCConfigurationList section */
	};
	rootObject = 525B76771E0AEAB000B3FD0D /* Project object */;
}
